
Microsoft Visual Studio Solution File, Format Version 12.00
# Visual Studio Version 16
VisualStudioVersion = 16.0.31019.35
MinimumVisualStudioVersion = 10.0.40219.1
Project("{FAE04EC0-301F-11D3-BF4B-00C04F79EFBC}") = "DZ-2", "DZ-2\DZ-2.csproj", "{3695EDB9-E05E-434D-B99E-B5B6C6F97150}"
EndProject
Project("{FAE04EC0-301F-11D3-BF4B-00C04F79EFBC}") = "DZ-2.2", "DZ-2.2\DZ-2.2.csproj", "{4AB35C2F-F4AC-48B0-A8F0-B0C077CFBBC9}"
EndProject
Project("{FAE04EC0-301F-11D3-BF4B-00C04F79EFBC}") = "DZ-2.3", "DZ-2.3\DZ-2.3.csproj", "{F2BF9EF5-3557-4D56-ADAB-E7F018F52B75}"
EndProject
Project("{FAE04EC0-301F-11D3-BF4B-00C04F79EFBC}") = "DZ-2.4", "DZ-2.4\DZ-2.4.csproj", "{81122749-867A-4CCB-9570-8F11D0B0B461}"
EndProject
Project("{FAE04EC0-301F-11D3-BF4B-00C04F79EFBC}") = "DZ-2.5", "DZ-2.5\DZ-2.5.csproj", "{443F9D4B-70C9-4B39-803A-3FD8F8EF53C9}"
EndProject
Global
	GlobalSection(SolutionConfigurationPlatforms) = preSolution
		Debug|Any CPU = Debug|Any CPU
		Release|Any CPU = Release|Any CPU
	EndGlobalSection
	GlobalSection(ProjectConfigurationPlatforms) = postSolution
		{3695EDB9-E05E-434D-B99E-B5B6C6F97150}.Debug|Any CPU.ActiveCfg = Debug|Any CPU
		{3695EDB9-E05E-434D-B99E-B5B6C6F97150}.Debug|Any CPU.Build.0 = Debug|Any CPU
		{3695EDB9-E05E-434D-B99E-B5B6C6F97150}.Release|Any CPU.ActiveCfg = Release|Any CPU
		{3695EDB9-E05E-434D-B99E-B5B6C6F97150}.Release|Any CPU.Build.0 = Release|Any CPU
		{4AB35C2F-F4AC-48B0-A8F0-B0C077CFBBC9}.Debug|Any CPU.ActiveCfg = Debug|Any CPU
		{4AB35C2F-F4AC-48B0-A8F0-B0C077CFBBC9}.Debug|Any CPU.Build.0 = Debug|Any CPU
		{4AB35C2F-F4AC-48B0-A8F0-B0C077CFBBC9}.Release|Any CPU.ActiveCfg = Release|Any CPU
		{4AB35C2F-F4AC-48B0-A8F0-B0C077CFBBC9}.Release|Any CPU.Build.0 = Release|Any CPU
		{F2BF9EF5-3557-4D56-ADAB-E7F018F52B75}.Debug|Any CPU.ActiveCfg = Debug|Any CPU
		{F2BF9EF5-3557-4D56-ADAB-E7F018F52B75}.Debug|Any CPU.Build.0 = Debug|Any CPU
		{F2BF9EF5-3557-4D56-ADAB-E7F018F52B75}.Release|Any CPU.ActiveCfg = Release|Any CPU
		{F2BF9EF5-3557-4D56-ADAB-E7F018F52B75}.Release|Any CPU.Build.0 = Release|Any CPU
		{81122749-867A-4CCB-9570-8F11D0B0B461}.Debug|Any CPU.ActiveCfg = Debug|Any CPU
		{81122749-867A-4CCB-9570-8F11D0B0B461}.Debug|Any CPU.Build.0 = Debug|Any CPU
		{81122749-867A-4CCB-9570-8F11D0B0B461}.Release|Any CPU.ActiveCfg = Release|Any CPU
		{81122749-867A-4CCB-9570-8F11D0B0B461}.Release|Any CPU.Build.0 = Release|Any CPU
		{443F9D4B-70C9-4B39-803A-3FD8F8EF53C9}.Debug|Any CPU.ActiveCfg = Debug|Any CPU
		{443F9D4B-70C9-4B39-803A-3FD8F8EF53C9}.Debug|Any CPU.Build.0 = Debug|Any CPU
		{443F9D4B-70C9-4B39-803A-3FD8F8EF53C9}.Release|Any CPU.ActiveCfg = Release|Any CPU
		{443F9D4B-70C9-4B39-803A-3FD8F8EF53C9}.Release|Any CPU.Build.0 = Release|Any CPU
	EndGlobalSection
	GlobalSection(SolutionProperties) = preSolution
		HideSolutionNode = FALSE
	EndGlobalSection
	GlobalSection(ExtensibilityGlobals) = postSolution
		SolutionGuid = {1588961F-3691-497E-925E-CA5F53D43E00}
	EndGlobalSection
EndGlobal
