
Microsoft Visual Studio Solution File, Format Version 12.00
# Visual Studio Version 16
VisualStudioVersion = 16.0.31019.35
MinimumVisualStudioVersion = 10.0.40219.1
Project("{FAE04EC0-301F-11D3-BF4B-00C04F79EFBC}") = "DZ-7", "DZ-7\DZ-7.csproj", "{5DE89676-4361-42F7-BAB3-B8065BB16674}"
EndProject
Global
	GlobalSection(SolutionConfigurationPlatforms) = preSolution
		Debug|Any CPU = Debug|Any CPU
		Release|Any CPU = Release|Any CPU
	EndGlobalSection
	GlobalSection(ProjectConfigurationPlatforms) = postSolution
		{5DE89676-4361-42F7-BAB3-B8065BB16674}.Debug|Any CPU.ActiveCfg = Debug|Any CPU
		{5DE89676-4361-42F7-BAB3-B8065BB16674}.Debug|Any CPU.Build.0 = Debug|Any CPU
		{5DE89676-4361-42F7-BAB3-B8065BB16674}.Release|Any CPU.ActiveCfg = Release|Any CPU
		{5DE89676-4361-42F7-BAB3-B8065BB16674}.Release|Any CPU.Build.0 = Release|Any CPU
	EndGlobalSection
	GlobalSection(SolutionProperties) = preSolution
		HideSolutionNode = FALSE
	EndGlobalSection
	GlobalSection(ExtensibilityGlobals) = postSolution
		SolutionGuid = {530DA15B-618A-42EB-9EA1-A455181013F7}
	EndGlobalSection
EndGlobal
